dependencies:
- name: common
  repository: oci://registry-1.docker.io/bitnamicharts
  version: 2.31.4
- name: postgresql
  repository: oci://registry-1.docker.io/bitnamicharts
  version: 18.2.3
- name: redis
  repository: oci://registry-1.docker.io/bitnamicharts
  version: 24.1.2
digest: sha256:13631ef468d53d2977befb69c16e4819348ae64528b07050b0fa0f6ec4ffcc10
generated: "2026-06-15T20:23:03.811520478Z"
