dependencies:
- name: common
  repository: oci://registry-1.docker.io/bitnamicharts
  version: 2.31.4
- name: minio
  repository: oci://registry-1.docker.io/bitnamicharts
  version: 17.0.21
- name: postgresql
  repository: oci://registry-1.docker.io/bitnamicharts
  version: 16.7.27
- name: redis
  repository: oci://registry-1.docker.io/bitnamicharts
  version: 24.1.2
digest: sha256:e9bc013711b4339827d42aef2219cb2a1d181ae9076f3494e66a6953409328e7
generated: "2026-02-17T05:06:11.560954469Z"
